
Microsoft Visual Studio Solution File, Format Version 12.00
# Blend for Visual Studio Version 16
VisualStudioVersion = 16.0.31911.196
MinimumVisualStudioVersion = 10.0.40219.1
Project("{9A19103F-16F7-4668-BE54-9A1E7A4F7556}") = "BlendTutorial", "BlendTutorial.csproj", "{47B36E1B-6C64-4D74-82BF-10AB5A12570E}"
EndProject
Global
	GlobalSection(SolutionConfigurationPlatforms) = preSolution
		Debug|Any CPU = Debug|Any CPU
		Release|Any CPU = Release|Any CPU
	EndGlobalSection
	GlobalSection(ProjectConfigurationPlatforms) = postSolution
		{47B36E1B-6C64-4D74-82BF-10AB5A12570E}.Debug|Any CPU.ActiveCfg = Debug|Any CPU
		{47B36E1B-6C64-4D74-82BF-10AB5A12570E}.Debug|Any CPU.Build.0 = Debug|Any CPU
		{47B36E1B-6C64-4D74-82BF-10AB5A12570E}.Release|Any CPU.ActiveCfg = Release|Any CPU
		{47B36E1B-6C64-4D74-82BF-10AB5A12570E}.Release|Any CPU.Build.0 = Release|Any CPU
	EndGlobalSection
	GlobalSection(SolutionProperties) = preSolution
		HideSolutionNode = FALSE
	EndGlobalSection
	GlobalSection(ExtensibilityGlobals) = postSolution
		SolutionGuid = {024C228D-639B-4262-9355-4BD65BAA1971}
	EndGlobalSection
EndGlobal
